
Microsoft Visual Studio Solution File, Format Version 12.00
# Visual Studio Version 17
VisualStudioVersion = 17.11.35222.181
MinimumVisualStudioVersion = 10.0.40219.1
Project("{8BC9CEB8-8B4A-11D0-8D11-00A0C91BC942}") = "lab15", "lab15\lab15.vcxproj", "{7D33E102-9C96-4FBD-BCF2-7565F2EE0181}"
EndProject
Global
	GlobalSection(SolutionConfigurationPlatforms) = preSolution
		Debug|x64 = Debug|x64
		Debug|x86 = Debug|x86
		Release|x64 = Release|x64
		Release|x86 = Release|x86
	EndGlobalSection
	GlobalSection(ProjectConfigurationPlatforms) = postSolution
		{7D33E102-9C96-4FBD-BCF2-7565F2EE0181}.Debug|x64.ActiveCfg = Debug|x64
		{7D33E102-9C96-4FBD-BCF2-7565F2EE0181}.Debug|x64.Build.0 = Debug|x64
		{7D33E102-9C96-4FBD-BCF2-7565F2EE0181}.Debug|x86.ActiveCfg = Debug|Win32
		{7D33E102-9C96-4FBD-BCF2-7565F2EE0181}.Debug|x86.Build.0 = Debug|Win32
		{7D33E102-9C96-4FBD-BCF2-7565F2EE0181}.Release|x64.ActiveCfg = Release|x64
		{7D33E102-9C96-4FBD-BCF2-7565F2EE0181}.Release|x64.Build.0 = Release|x64
		{7D33E102-9C96-4FBD-BCF2-7565F2EE0181}.Release|x86.ActiveCfg = Release|Win32
		{7D33E102-9C96-4FBD-BCF2-7565F2EE0181}.Release|x86.Build.0 = Release|Win32
	EndGlobalSection
	GlobalSection(SolutionProperties) = preSolution
		HideSolutionNode = FALSE
	EndGlobalSection
	GlobalSection(ExtensibilityGlobals) = postSolution
		SolutionGuid = {791E4DC7-2715-4127-90CC-45D44703370A}
	EndGlobalSection
EndGlobal
