
Microsoft Visual Studio Solution File, Format Version 12.00
# Visual Studio Version 17
VisualStudioVersion = 17.11.35222.181
MinimumVisualStudioVersion = 10.0.40219.1
Project("{8BC9CEB8-8B4A-11D0-8D11-00A0C91BC942}") = "lab12", "lab12\lab12.vcxproj", "{AC5C53D4-5604-45EA-B69A-0C25F7798DFF}"
EndProject
Global
	GlobalSection(SolutionConfigurationPlatforms) = preSolution
		Debug|x64 = Debug|x64
		Debug|x86 = Debug|x86
		Release|x64 = Release|x64
		Release|x86 = Release|x86
	EndGlobalSection
	GlobalSection(ProjectConfigurationPlatforms) = postSolution
		{AC5C53D4-5604-45EA-B69A-0C25F7798DFF}.Debug|x64.ActiveCfg = Debug|x64
		{AC5C53D4-5604-45EA-B69A-0C25F7798DFF}.Debug|x64.Build.0 = Debug|x64
		{AC5C53D4-5604-45EA-B69A-0C25F7798DFF}.Debug|x86.ActiveCfg = Debug|Win32
		{AC5C53D4-5604-45EA-B69A-0C25F7798DFF}.Debug|x86.Build.0 = Debug|Win32
		{AC5C53D4-5604-45EA-B69A-0C25F7798DFF}.Release|x64.ActiveCfg = Release|x64
		{AC5C53D4-5604-45EA-B69A-0C25F7798DFF}.Release|x64.Build.0 = Release|x64
		{AC5C53D4-5604-45EA-B69A-0C25F7798DFF}.Release|x86.ActiveCfg = Release|Win32
		{AC5C53D4-5604-45EA-B69A-0C25F7798DFF}.Release|x86.Build.0 = Release|Win32
	EndGlobalSection
	GlobalSection(SolutionProperties) = preSolution
		HideSolutionNode = FALSE
	EndGlobalSection
	GlobalSection(ExtensibilityGlobals) = postSolution
		SolutionGuid = {1C58849F-D5B9-4EF9-A3DC-B247735C2F2F}
	EndGlobalSection
EndGlobal
